{
  "name": "myastrology",
  "version": "3.0.0",
  "lockfileVersion": 3,
  "requires": true,
  "packages": {
    "": {
      "name": "myastrology",
      "version": "3.0.0",
      "dependencies": {
        "canvas": "^2.11.2",
        "cheerio": "^1.0.0",
        "gray-matter": "^4.0.3"
      },
      "devDependencies": {
        "chokidar": "^3.6.0",
        "nodemon": "^3.1.0"
      }
    }
  }
}
